# THIS IS AN AUTOGENERATED FILE. DO NOT EDIT THIS FILE DIRECTLY.
# yarn lockfile v1


babel-plugin-promise@^1.0.3:
  version "1.0.3"
  resolved "https://registry.yarnpkg.com/babel-plugin-promise/-/babel-plugin-promise-1.0.3.tgz#8221198e948d5862cf7343f7fd3d9f5a4135a926"
  integrity sha1-giEZjpSNWGLPc0P3/T2fWkE1qSY=

eslint-plugin-promise@^4.0.1:
  version "4.0.1"
  resolved "https://registry.yarnpkg.com/eslint-plugin-promise/-/eslint-plugin-promise-4.0.1.tgz#2d074b653f35a23d1ba89d8e976a985117d1c6a2"
  integrity sha512-Si16O0+Hqz1gDHsys6RtFRrW7cCTB6P7p3OJmKp3Y3dxpQE2qwOA7d3xnV+0mBmrPoi0RBnxlCKvqu70te6wjg==
